{
  "name": "koukaten2021",
  "lockfileVersion": 2,
  "requires": true,
  "packages": {
    "": {
      "dependencies": {
        "vue-head": "^2.2.0"
      }
    },
    "node_modules/vue-head": {
      "version": "2.2.0",
      "resolved": "https://registry.npmjs.org/vue-head/-/vue-head-2.2.0.tgz",
      "integrity": "sha512-Oss1gakOSPQ4e/XZ0yM7yolnhSDvfDYZbM6CDD3xkCpAyPfTR+Bv3tabgtKE41gHr5GzC/NJh1EwQSu7o05XRw=="
    }
  },
  "dependencies": {
    "vue-head": {
      "version": "2.2.0",
      "resolved": "https://registry.npmjs.org/vue-head/-/vue-head-2.2.0.tgz",
      "integrity": "sha512-Oss1gakOSPQ4e/XZ0yM7yolnhSDvfDYZbM6CDD3xkCpAyPfTR+Bv3tabgtKE41gHr5GzC/NJh1EwQSu7o05XRw=="
    }
  }
}
